{
  "object": {
    "pins": [
      {
        "package": "APIKit",
        "repositoryURL": "https://github.com/ishkawa/APIKit.git",
        "state": {
          "branch": null,
          "revision": "c8f5320d84c4c34c0fd965da3c7957819a1ccdd4",
          "version": "5.2.0"
        }
      },
      {
        "package": "Commander",
        "repositoryURL": "https://github.com/kylef/Commander.git",
        "state": {
          "branch": null,
          "revision": "4a1f2fb82fb6cef613c4a25d2e38f702e4d812c2",
          "version": "0.9.2"
        }
      },
      {
        "package": "OHHTTPStubs",
        "repositoryURL": "https://github.com/AliSoftware/OHHTTPStubs.git",
        "state": {
          "branch": null,
          "revision": "12f19662426d0434d6c330c6974d53e2eb10ecd9",
          "version": "9.1.0"
        }
      },
      {
        "package": "ParameterizedTestUtil",
        "repositoryURL": "https://github.com/417-72KI/ParameterizedTestUtil.git",
        "state": {
          "branch": null,
          "revision": "8612413908048f6227ba5517c75fed8234481c94",
          "version": "1.0.0"
        }
      },
      {
        "package": "Spectre",
        "repositoryURL": "https://github.com/kylef/Spectre.git",
        "state": {
          "branch": null,
          "revision": "26cc5e9ae0947092c7139ef7ba612e34646086c7",
          "version": "0.10.1"
        }
      }
    ]
  },
  "version": 1
}
